
Microsoft Visual Studio Solution File, Format Version 12.00
# Visual Studio Version 17
VisualStudioVersion = 17.0.31919.166
MinimumVisualStudioVersion = 10.0.40219.1
Project("{888888A0-9F3D-457C-B088-3A5042F75D52}") = "First_Neiron_gas", "First_Neiron_gas\First_Neiron_gas.pyproj", "{6E2FB2F9-B4C0-47A0-91A4-C731FC6EB0AF}"
EndProject
Global
	GlobalSection(SolutionConfigurationPlatforms) = preSolution
		Debug|Any CPU = Debug|Any CPU
		Release|Any CPU = Release|Any CPU
	EndGlobalSection
	GlobalSection(ProjectConfigurationPlatforms) = postSolution
		{6E2FB2F9-B4C0-47A0-91A4-C731FC6EB0AF}.Debug|Any CPU.ActiveCfg = Debug|Any CPU
		{6E2FB2F9-B4C0-47A0-91A4-C731FC6EB0AF}.Debug|Any CPU.Build.0 = Debug|Any CPU
		{6E2FB2F9-B4C0-47A0-91A4-C731FC6EB0AF}.Release|Any CPU.ActiveCfg = Release|Any CPU
		{6E2FB2F9-B4C0-47A0-91A4-C731FC6EB0AF}.Release|Any CPU.Build.0 = Release|Any CPU
	EndGlobalSection
	GlobalSection(SolutionProperties) = preSolution
		HideSolutionNode = FALSE
	EndGlobalSection
	GlobalSection(ExtensibilityGlobals) = postSolution
		SolutionGuid = {27845305-09D2-4998-8391-D1D48562A727}
	EndGlobalSection
EndGlobal
